
Microsoft Visual Studio Solution File, Format Version 12.00
# Visual Studio Version 16
VisualStudioVersion = 16.0.31424.327
MinimumVisualStudioVersion = 10.0.40219.1
Project("{FAE04EC0-301F-11D3-BF4B-00C04F79EFBC}") = "minMAx", "minMAx\minMAx.csproj", "{B9D727F6-08EA-4A97-B498-46AB13038E77}"
EndProject
Global
	GlobalSection(SolutionConfigurationPlatforms) = preSolution
		Debug|Any CPU = Debug|Any CPU
		Release|Any CPU = Release|Any CPU
	EndGlobalSection
	GlobalSection(ProjectConfigurationPlatforms) = postSolution
		{B9D727F6-08EA-4A97-B498-46AB13038E77}.Debug|Any CPU.ActiveCfg = Debug|Any CPU
		{B9D727F6-08EA-4A97-B498-46AB13038E77}.Debug|Any CPU.Build.0 = Debug|Any CPU
		{B9D727F6-08EA-4A97-B498-46AB13038E77}.Release|Any CPU.ActiveCfg = Release|Any CPU
		{B9D727F6-08EA-4A97-B498-46AB13038E77}.Release|Any CPU.Build.0 = Release|Any CPU
	EndGlobalSection
	GlobalSection(SolutionProperties) = preSolution
		HideSolutionNode = FALSE
	EndGlobalSection
	GlobalSection(ExtensibilityGlobals) = postSolution
		SolutionGuid = {C0583EB5-DA3A-45F2-AF02-30D12F74B46F}
	EndGlobalSection
EndGlobal
